{
  "name": "fua-fua-format",
  "lockfileVersion": 3,
  "requires": true,
  "packages": {
    "": {
      "name": "fua-fua-format",
      "dependencies": {
        "fua-fua": "file:packages/fua-fua"
      },
      "devDependencies": {
        "husky": "^9.1.7"
      }
    },
    "node_modules/@fua-fua/darwin-arm64": {
      "version": "0.1.2",
      "resolved": "https://registry.npmjs.org/@fua-fua/darwin-arm64/-/darwin-arm64-0.1.2.tgz",
      "integrity": "sha512-UA9TWj2kdnNyw542W2CahLQ85cxaLK3IJ3epzosbtWAToaASSCV3xwUZk+B2z0b8T6eECfKcw8DL+Xq9ZSZojA==",
      "cpu": [
        "arm64"
      ],
      "license": "MIT",
      "optional": true,
      "os": [
        "darwin"
      ]
    },
    "node_modules/@fua-fua/darwin-x64": {
      "version": "0.1.2",
      "resolved": "https://registry.npmjs.org/@fua-fua/darwin-x64/-/darwin-x64-0.1.2.tgz",
      "integrity": "sha512-VHhEyQdaqb71M+OzXWccstXGyFV87vdfjN/Lkkup4AONjU3XQYE0WsRAlkD2mPPnb+2zGc3KjDO9AIvf8O8D7g==",
      "cpu": [
        "x64"
      ],
      "license": "MIT",
      "optional": true,
      "os": [
        "darwin"
      ]
    },
    "node_modules/@fua-fua/linux-x64": {
      "version": "0.1.2",
      "resolved": "https://registry.npmjs.org/@fua-fua/linux-x64/-/linux-x64-0.1.2.tgz",
      "integrity": "sha512-dVt1oMeVURyXXHhaDbznUNCAO7VHU1DHRkXoClOB9JzibnBLkuaeyZGcGCu8rSJnFb3DuDgIPCm6s+R/MdO8GQ==",
      "cpu": [
        "x64"
      ],
      "license": "MIT",
      "optional": true,
      "os": [
        "linux"
      ]
    },
    "node_modules/@fua-fua/win32-x64": {
      "version": "0.1.2",
      "resolved": "https://registry.npmjs.org/@fua-fua/win32-x64/-/win32-x64-0.1.2.tgz",
      "integrity": "sha512-VIAQ+4yuaWq2TXxnmLHf7YTSv0ZygftyIS8mBgaojIj/LBPZyNX2y8VLxIvWGnlOo9D+CzNzwSI1e0IXAej8nA==",
      "cpu": [
        "x64"
      ],
      "license": "MIT",
      "optional": true,
      "os": [
        "win32"
      ]
    },
    "node_modules/fua-fua": {
      "resolved": "packages/fua-fua",
      "link": true
    },
    "node_modules/husky": {
      "version": "9.1.7",
      "resolved": "https://registry.npmjs.org/husky/-/husky-9.1.7.tgz",
      "integrity": "sha512-5gs5ytaNjBrh5Ow3zrvdUUY+0VxIuWVL4i9irt6friV+BqdCfmV11CQTWMiBYWHbXhco+J1kHfTOUkePhCDvMA==",
      "dev": true,
      "license": "MIT",
      "bin": {
        "husky": "bin.js"
      },
      "engines": {
        "node": ">=18"
      },
      "funding": {
        "url": "https://github.com/sponsors/typicode"
      }
    },
    "packages/fua-fua": {
      "version": "0.1.2",
      "license": "MIT",
      "bin": {
        "fua-fua": "bin/run.js"
      },
      "optionalDependencies": {
        "@fua-fua/darwin-arm64": "0.1.2",
        "@fua-fua/darwin-x64": "0.1.2",
        "@fua-fua/linux-x64": "0.1.2",
        "@fua-fua/win32-x64": "0.1.2"
      }
    }
  }
}
